
Microsoft Visual Studio Solution File, Format Version 12.00
# Visual Studio 15
VisualStudioVersion = 15.0.27428.2027
MinimumVisualStudioVersion = 10.0.40219.1
Project("{FAE04EC0-301F-11D3-BF4B-00C04F79EFBC}") = "TTSBulkImporter", "TTSBulkImporter\TTSBulkImporter.csproj", "{A83360BC-F962-4EE7-A45C-E561C347C749}"
EndProject
Global
	GlobalSection(SolutionConfigurationPlatforms) = preSolution
		Debug|Any CPU = Debug|Any CPU
		Release|Any CPU = Release|Any CPU
	EndGlobalSection
	GlobalSection(ProjectConfigurationPlatforms) = postSolution
		{A83360BC-F962-4EE7-A45C-E561C347C749}.Debug|Any CPU.ActiveCfg = Debug|Any CPU
		{A83360BC-F962-4EE7-A45C-E561C347C749}.Debug|Any CPU.Build.0 = Debug|Any CPU
		{A83360BC-F962-4EE7-A45C-E561C347C749}.Release|Any CPU.ActiveCfg = Release|Any CPU
		{A83360BC-F962-4EE7-A45C-E561C347C749}.Release|Any CPU.Build.0 = Release|Any CPU
	EndGlobalSection
	GlobalSection(SolutionProperties) = preSolution
		HideSolutionNode = FALSE
	EndGlobalSection
	GlobalSection(ExtensibilityGlobals) = postSolution
		SolutionGuid = {45E3BD08-871A-40C3-B170-A835E8E6F2A4}
	EndGlobalSection
EndGlobal
